
Microsoft Visual Studio Solution File, Format Version 12.00
# Visual Studio Version 16
VisualStudioVersion = 16.0.31205.134
MinimumVisualStudioVersion = 10.0.40219.1
Project("{FAE04EC0-301F-11D3-BF4B-00C04F79EFBC}") = "Visualisato.v1", "Visualisato.v1\Visualisato.v1.csproj", "{FA684720-D3B3-440B-AB97-5CCC01284502}"
EndProject
Global
	GlobalSection(SolutionConfigurationPlatforms) = preSolution
		Debug|Any CPU = Debug|Any CPU
		Release|Any CPU = Release|Any CPU
	EndGlobalSection
	GlobalSection(ProjectConfigurationPlatforms) = postSolution
		{FA684720-D3B3-440B-AB97-5CCC01284502}.Debug|Any CPU.ActiveCfg = Debug|Any CPU
		{FA684720-D3B3-440B-AB97-5CCC01284502}.Debug|Any CPU.Build.0 = Debug|Any CPU
		{FA684720-D3B3-440B-AB97-5CCC01284502}.Release|Any CPU.ActiveCfg = Release|Any CPU
		{FA684720-D3B3-440B-AB97-5CCC01284502}.Release|Any CPU.Build.0 = Release|Any CPU
	EndGlobalSection
	GlobalSection(SolutionProperties) = preSolution
		HideSolutionNode = FALSE
	EndGlobalSection
	GlobalSection(ExtensibilityGlobals) = postSolution
		SolutionGuid = {20EB5550-C79D-4492-B384-DB6F3011B35E}
	EndGlobalSection
EndGlobal
