<?xml version="1.0" encoding="UTF-8" standalone="yes" ?>
<CodeBlocks_project_file>
	<FileVersion major="1" minor="6" />
	<Project>
		<Option title="GTEST" />
		<Option pch_mode="2" />
		<Option compiler="gcc" />
		<Build>
			<Target title="Debug">
				<Option output="bin/Debug/GTEST" prefix_auto="1" extension_auto="1" />
				<Option object_output="obj/Debug/T/" />
				<Option type="1" />
				<Option compiler="gcc" />
				<Compiler>
					<Add option="-std=gnu++17" />
					<Add option="-g" />
				</Compiler>
				<Linker>
					<Add library="bin/Debug/libgtest.dll" />
					<Add library="bin/Debug/libgtest_main.dll" />
					<Add library="bin/Debug/Core.dll" />
					<Add library="bin/Debug/Logger.dll" />
					<Add library="bin/Debug/Parser.dll" />
					<Add library="bin/Debug/Solver.dll" />
				</Linker>
			</Target>
			<Target title="Release">
				<Option output="bin/Release/GTEST" prefix_auto="1" extension_auto="1" />
				<Option object_output="obj/Release/T/" />
				<Option type="1" />
				<Option compiler="gcc" />
				<Compiler>
					<Add option="-O2" />
					<Add option="-std=gnu++17" />
				</Compiler>
				<Linker>
					<Add option="-s" />
					<Add library="bin/Release/libgtest.dll" />
					<Add library="bin/Release/libgtest_main.dll" />
					<Add library="bin/Debug/Core.dll" />
					<Add library="bin/Debug/Logger.dll" />
					<Add library="bin/Debug/Parser.dll" />
					<Add library="bin/Debug/Solver.dll" />
				</Linker>
			</Target>
		</Build>
		<Compiler>
			<Add option="-Wall" />
			<Add option="-fexceptions" />
		</Compiler>
		<Unit filename="core_polygon_size.h" />
		<Unit filename="mainT.cpp" />
		<Extensions>
			<lib_finder disable_auto="1" />
		</Extensions>
	</Project>
</CodeBlocks_project_file>
